
Microsoft Visual Studio Solution File, Format Version 12.00
# Visual Studio 14
VisualStudioVersion = 14.0.25123.0
MinimumVisualStudioVersion = 10.0.40219.1
Project("{FAE04EC0-301F-11D3-BF4B-00C04F79EFBC}") = "AddTask", "AddTask\AddTask.csproj", "{1CBDFF20-3EDD-436F-93BF-FF6F5D24569F}"
EndProject
Project("{FAE04EC0-301F-11D3-BF4B-00C04F79EFBC}") = "Task02", "Task02\Task02.csproj", "{D6C5BFE8-C086-4C58-84EE-19ADC1CD7B90}"
EndProject
Project("{FAE04EC0-301F-11D3-BF4B-00C04F79EFBC}") = "Task03", "Task03\Task03.csproj", "{05B94B1C-A957-4186-AF49-362EA8059E75}"
EndProject
Global
	GlobalSection(SolutionConfigurationPlatforms) = preSolution
		Debug|Any CPU = Debug|Any CPU
		Release|Any CPU = Release|Any CPU
	EndGlobalSection
	GlobalSection(ProjectConfigurationPlatforms) = postSolution
		{1CBDFF20-3EDD-436F-93BF-FF6F5D24569F}.Debug|Any CPU.ActiveCfg = Debug|Any CPU
		{1CBDFF20-3EDD-436F-93BF-FF6F5D24569F}.Debug|Any CPU.Build.0 = Debug|Any CPU
		{1CBDFF20-3EDD-436F-93BF-FF6F5D24569F}.Release|Any CPU.ActiveCfg = Release|Any CPU
		{1CBDFF20-3EDD-436F-93BF-FF6F5D24569F}.Release|Any CPU.Build.0 = Release|Any CPU
		{D6C5BFE8-C086-4C58-84EE-19ADC1CD7B90}.Debug|Any CPU.ActiveCfg = Debug|Any CPU
		{D6C5BFE8-C086-4C58-84EE-19ADC1CD7B90}.Debug|Any CPU.Build.0 = Debug|Any CPU
		{D6C5BFE8-C086-4C58-84EE-19ADC1CD7B90}.Release|Any CPU.ActiveCfg = Release|Any CPU
		{D6C5BFE8-C086-4C58-84EE-19ADC1CD7B90}.Release|Any CPU.Build.0 = Release|Any CPU
		{05B94B1C-A957-4186-AF49-362EA8059E75}.Debug|Any CPU.ActiveCfg = Debug|Any CPU
		{05B94B1C-A957-4186-AF49-362EA8059E75}.Debug|Any CPU.Build.0 = Debug|Any CPU
		{05B94B1C-A957-4186-AF49-362EA8059E75}.Release|Any CPU.ActiveCfg = Release|Any CPU
		{05B94B1C-A957-4186-AF49-362EA8059E75}.Release|Any CPU.Build.0 = Release|Any CPU
	EndGlobalSection
	GlobalSection(SolutionProperties) = preSolution
		HideSolutionNode = FALSE
	EndGlobalSection
EndGlobal
