
Microsoft Visual Studio Solution File, Format Version 12.00
# Visual Studio 14
VisualStudioVersion = 14.0.25123.0
MinimumVisualStudioVersion = 10.0.40219.1
Project("{FAE04EC0-301F-11D3-BF4B-00C04F79EFBC}") = "AddTask", "AddTask\AddTask.csproj", "{66F356A6-AC4A-4923-8411-D561EDE3FECD}"
EndProject
Project("{FAE04EC0-301F-11D3-BF4B-00C04F79EFBC}") = "Task02", "Task01\Task02.csproj", "{EE0F85A1-F93D-4477-AC4F-90C55B39BD69}"
EndProject
Project("{FAE04EC0-301F-11D3-BF4B-00C04F79EFBC}") = "Task03", "Task03\Task03.csproj", "{995B92F4-2B0F-44E9-9336-955AF9C6693F}"
EndProject
Project("{FAE04EC0-301F-11D3-BF4B-00C04F79EFBC}") = "Task04", "Task04\Task04.csproj", "{B37D9477-497D-455F-980D-BB7CEC2B963D}"
EndProject
Global
	GlobalSection(SolutionConfigurationPlatforms) = preSolution
		Debug|Any CPU = Debug|Any CPU
		Release|Any CPU = Release|Any CPU
	EndGlobalSection
	GlobalSection(ProjectConfigurationPlatforms) = postSolution
		{66F356A6-AC4A-4923-8411-D561EDE3FECD}.Debug|Any CPU.ActiveCfg = Debug|Any CPU
		{66F356A6-AC4A-4923-8411-D561EDE3FECD}.Debug|Any CPU.Build.0 = Debug|Any CPU
		{66F356A6-AC4A-4923-8411-D561EDE3FECD}.Release|Any CPU.ActiveCfg = Release|Any CPU
		{66F356A6-AC4A-4923-8411-D561EDE3FECD}.Release|Any CPU.Build.0 = Release|Any CPU
		{EE0F85A1-F93D-4477-AC4F-90C55B39BD69}.Debug|Any CPU.ActiveCfg = Debug|Any CPU
		{EE0F85A1-F93D-4477-AC4F-90C55B39BD69}.Debug|Any CPU.Build.0 = Debug|Any CPU
		{EE0F85A1-F93D-4477-AC4F-90C55B39BD69}.Release|Any CPU.ActiveCfg = Release|Any CPU
		{EE0F85A1-F93D-4477-AC4F-90C55B39BD69}.Release|Any CPU.Build.0 = Release|Any CPU
		{995B92F4-2B0F-44E9-9336-955AF9C6693F}.Debug|Any CPU.ActiveCfg = Debug|Any CPU
		{995B92F4-2B0F-44E9-9336-955AF9C6693F}.Debug|Any CPU.Build.0 = Debug|Any CPU
		{995B92F4-2B0F-44E9-9336-955AF9C6693F}.Release|Any CPU.ActiveCfg = Release|Any CPU
		{995B92F4-2B0F-44E9-9336-955AF9C6693F}.Release|Any CPU.Build.0 = Release|Any CPU
		{B37D9477-497D-455F-980D-BB7CEC2B963D}.Debug|Any CPU.ActiveCfg = Debug|Any CPU
		{B37D9477-497D-455F-980D-BB7CEC2B963D}.Debug|Any CPU.Build.0 = Debug|Any CPU
		{B37D9477-497D-455F-980D-BB7CEC2B963D}.Release|Any CPU.ActiveCfg = Release|Any CPU
		{B37D9477-497D-455F-980D-BB7CEC2B963D}.Release|Any CPU.Build.0 = Release|Any CPU
	EndGlobalSection
	GlobalSection(SolutionProperties) = preSolution
		HideSolutionNode = FALSE
	EndGlobalSection
EndGlobal
