
Microsoft Visual Studio Solution File, Format Version 12.00
# Visual Studio 14
VisualStudioVersion = 14.0.25123.0
MinimumVisualStudioVersion = 10.0.40219.1
Project("{FAE04EC0-301F-11D3-BF4B-00C04F79EFBC}") = "AddTask", "AddTask\AddTask.csproj", "{19F37286-9ACF-4A23-8714-461B91EC9E6B}"
EndProject
Project("{FAE04EC0-301F-11D3-BF4B-00C04F79EFBC}") = "Task02", "Task02\Task02.csproj", "{EA664639-8992-4F3A-9197-A6B5E15269A1}"
EndProject
Global
	GlobalSection(SolutionConfigurationPlatforms) = preSolution
		Debug|Any CPU = Debug|Any CPU
		Release|Any CPU = Release|Any CPU
	EndGlobalSection
	GlobalSection(ProjectConfigurationPlatforms) = postSolution
		{19F37286-9ACF-4A23-8714-461B91EC9E6B}.Debug|Any CPU.ActiveCfg = Debug|Any CPU
		{19F37286-9ACF-4A23-8714-461B91EC9E6B}.Debug|Any CPU.Build.0 = Debug|Any CPU
		{19F37286-9ACF-4A23-8714-461B91EC9E6B}.Release|Any CPU.ActiveCfg = Release|Any CPU
		{19F37286-9ACF-4A23-8714-461B91EC9E6B}.Release|Any CPU.Build.0 = Release|Any CPU
		{EA664639-8992-4F3A-9197-A6B5E15269A1}.Debug|Any CPU.ActiveCfg = Debug|Any CPU
		{EA664639-8992-4F3A-9197-A6B5E15269A1}.Debug|Any CPU.Build.0 = Debug|Any CPU
		{EA664639-8992-4F3A-9197-A6B5E15269A1}.Release|Any CPU.ActiveCfg = Release|Any CPU
		{EA664639-8992-4F3A-9197-A6B5E15269A1}.Release|Any CPU.Build.0 = Release|Any CPU
	EndGlobalSection
	GlobalSection(SolutionProperties) = preSolution
		HideSolutionNode = FALSE
	EndGlobalSection
EndGlobal
